
Microsoft Visual Studio Solution File, Format Version 12.00
# Visual Studio Version 16
VisualStudioVersion = 16.0.30717.126
MinimumVisualStudioVersion = 10.0.40219.1
Project("{FAE04EC0-301F-11D3-BF4B-00C04F79EFBC}") = "GAMESFLIX", "GAMESFLIX.csproj", "{0D6D2170-0F14-483D-8873-74D7780730C7}"
EndProject
Global
	GlobalSection(SolutionConfigurationPlatforms) = preSolution
		Debug|Any CPU = Debug|Any CPU
		Release|Any CPU = Release|Any CPU
	EndGlobalSection
	GlobalSection(ProjectConfigurationPlatforms) = postSolution
		{0D6D2170-0F14-483D-8873-74D7780730C7}.Debug|Any CPU.ActiveCfg = Debug|Any CPU
		{0D6D2170-0F14-483D-8873-74D7780730C7}.Debug|Any CPU.Build.0 = Debug|Any CPU
		{0D6D2170-0F14-483D-8873-74D7780730C7}.Release|Any CPU.ActiveCfg = Release|Any CPU
		{0D6D2170-0F14-483D-8873-74D7780730C7}.Release|Any CPU.Build.0 = Release|Any CPU
	EndGlobalSection
	GlobalSection(SolutionProperties) = preSolution
		HideSolutionNode = FALSE
	EndGlobalSection
	GlobalSection(ExtensibilityGlobals) = postSolution
		SolutionGuid = {3319AA05-DC20-4707-A3A6-1F953AA54988}
	EndGlobalSection
EndGlobal
